
Microsoft Visual Studio Solution File, Format Version 12.00
# Visual Studio 15
VisualStudioVersion = 15.0.28010.2046
MinimumVisualStudioVersion = 10.0.40219.1
Project("{FAE04EC0-301F-11D3-BF4B-00C04F79EFBC}") = "AzureBlobVideoSeekFix", "AzureBlobVideoSeekFix\AzureBlobVideoSeekFix.csproj", "{68C6D92F-D7E6-496A-BD1C-9BFB528259CD}"
EndProject
Global
	GlobalSection(SolutionConfigurationPlatforms) = preSolution
		Debug|Any CPU = Debug|Any CPU
		Release|Any CPU = Release|Any CPU
	EndGlobalSection
	GlobalSection(ProjectConfigurationPlatforms) = postSolution
		{68C6D92F-D7E6-496A-BD1C-9BFB528259CD}.Debug|Any CPU.ActiveCfg = Debug|Any CPU
		{68C6D92F-D7E6-496A-BD1C-9BFB528259CD}.Debug|Any CPU.Build.0 = Debug|Any CPU
		{68C6D92F-D7E6-496A-BD1C-9BFB528259CD}.Release|Any CPU.ActiveCfg = Release|Any CPU
		{68C6D92F-D7E6-496A-BD1C-9BFB528259CD}.Release|Any CPU.Build.0 = Release|Any CPU
	EndGlobalSection
	GlobalSection(SolutionProperties) = preSolution
		HideSolutionNode = FALSE
	EndGlobalSection
	GlobalSection(ExtensibilityGlobals) = postSolution
		SolutionGuid = {43A6497D-6779-4F7F-BCB1-4C567EB082C5}
	EndGlobalSection
EndGlobal
